// !$*UTF8*$!
{
	archiveVersion = 1;
	classes = {
	};
	objectVersion = 46;
	objects = {

/* Begin PBXBuildFile section */
		86732A271A6547890025E3D5 /* main.m in Sources */ = {isa = PBXBuildFile; fileRef = 86732A261A6547890025E3D5 /* main.m */; };
		86732A2A1A6547890025E3D5 /* AppDelegate.m in Sources */ = {isa = PBXBuildFile; fileRef = 86732A291A6547890025E3D5 /* AppDelegate.m */; };
		86732A2D1A6547890025E3D5 /* OSDataSourceExample.xcdatamodeld in Sources */ = {isa = PBXBuildFile; fileRef = 86732A2B1A6547890025E3D5 /* OSDataSourceExample.xcdatamodeld */; };
		86732A331A6547890025E3D5 /* Main.storyboard in Resources */ = {isa = PBXBuildFile; fileRef = 86732A311A6547890025E3D5 /* Main.storyboard */; };
		86732A351A6547890025E3D5 /* Images.xcassets in Resources */ = {isa = PBXBuildFile; fileRef = 86732A341A6547890025E3D5 /* Images.xcassets */; };
		86732A381A6547890025E3D5 /* LaunchScreen.xib in Resources */ = {isa = PBXBuildFile; fileRef = 86732A361A6547890025E3D5 /* LaunchScreen.xib */; };
		86732A441A6547890025E3D5 /* OSDataSourceExampleTests.m in Sources */ = {isa = PBXBuildFile; fileRef = 86732A431A6547890025E3D5 /* OSDataSourceExampleTests.m */; };
		86732A4C1A6549020025E3D5 /* OSDataSourceTest.m in Sources */ = {isa = PBXBuildFile; fileRef = 86732A4B1A6549020025E3D5 /* OSDataSourceTest.m */; };
		86732A4E1A654B720025E3D5 /* OSStateMachineTest.m in Sources */ = {isa = PBXBuildFile; fileRef = 86732A4D1A654B720025E3D5 /* OSStateMachineTest.m */; };
		86732A4F1A655C5D0025E3D5 /* E1DataSource.m in Sources */ = {isa = PBXBuildFile; fileRef = ACCA5EEA59D99CC5FC7F381A /* E1DataSource.m */; };
		86732A511A6650920025E3D5 /* RSegmentedDataSource.m in Sources */ = {isa = PBXBuildFile; fileRef = ACCA5E06530FA2DA82911CBB /* RSegmentedDataSource.m */; };
		86732A521A6650C10025E3D5 /* SegmentedDSViewController.m in Sources */ = {isa = PBXBuildFile; fileRef = ACCA550EE3AA1EACC1B2E523 /* SegmentedDSViewController.m */; };
		86FB8EEE1A77AD87002B2DCE /* libOSDataSource.a in Frameworks */ = {isa = PBXBuildFile; fileRef = ACCA5AD9AA1F404DC7BA6F4C /* libOSDataSource.a */; settings = {ATTRIBUTES = (Weak, ); }; };
		ACCA50C2FCA1FD5DA3A3E40D /* AAPLLayoutMetrics.m in Sources */ = {isa = PBXBuildFile; fileRef = ACCA55AEA0B9F2D38A26113E /* AAPLLayoutMetrics.m */; };
		ACCA526D9FB660BD4DF6CE07 /* OSPlaceholderFlowLayout.m in Sources */ = {isa = PBXBuildFile; fileRef = ACCA515B95B5824994D47D39 /* OSPlaceholderFlowLayout.m */; };
		ACCA531EC419B34CA8B356A8 /* RHeadersDataSource.m in Sources */ = {isa = PBXBuildFile; fileRef = ACCA5D282DCE383E6DD0E836 /* RHeadersDataSource.m */; };
		ACCA5455BA89DA2A940B5FDC /* NSObject+KVOBlock.m in Sources */ = {isa = PBXBuildFile; fileRef = ACCA55BF028D4AB4B51EB18A /* NSObject+KVOBlock.m */; };
		ACCA545925DCEF45A5AFF073 /* OSManagedCollectionView.m in Sources */ = {isa = PBXBuildFile; fileRef = ACCA54EB1270693CBECBC423 /* OSManagedCollectionView.m */; };
		ACCA549E398FDFC4ADE0279E /* OSSimpleDataSource.m in Sources */ = {isa = PBXBuildFile; fileRef = ACCA59E8F087700FAD15D585 /* OSSimpleDataSource.m */; };
		ACCA54B469905219349757BA /* OSDataSource.m in Sources */ = {isa = PBXBuildFile; fileRef = ACCA529E66B72D9938898E09 /* OSDataSource.m */; };
		ACCA552A78B92DC453D2E972 /* AAPLContentLoading.m in Sources */ = {isa = PBXBuildFile; fileRef = ACCA551746D66FDB6E26D1E0 /* AAPLContentLoading.m */; };
		ACCA579DA7B6021AEE15E085 /* E1ViewController.m in Sources */ = {isa = PBXBuildFile; fileRef = ACCA55C0BD394E57811F54B1 /* E1ViewController.m */; };
		ACCA58815F8C393F503493FA /* UIKit.framework in Frameworks */ = {isa = PBXBuildFile; fileRef = ACCA513762739FFF822B2E31 /* UIKit.framework */; };
		ACCA591EAC63FB14125FD191 /* ComposedViewController.m in Sources */ = {isa = PBXBuildFile; fileRef = ACCA51BE35DC7A2C037236D1 /* ComposedViewController.m */; };
		ACCA5B0CABA789828F78D6B1 /* RAlignedFlowLayout.m in Sources */ = {isa = PBXBuildFile; fileRef = ACCA5D6C97A1ED9E9495D0C3 /* RAlignedFlowLayout.m */; };
		ACCA5C21B6950B7BB5A36744 /* EmptyDataSource.m in Sources */ = {isa = PBXBuildFile; fileRef = ACCA58E070955D0DCF186E2D /* EmptyDataSource.m */; };
		ACCA5D0C4DF4C7AAD67E016E /* OSStateMachine.m in Sources */ = {isa = PBXBuildFile; fileRef = ACCA5EAF2784B9BD0B1515A2 /* OSStateMachine.m */; };
		ACCA5D163ED9D86A64075732 /* RComposedDataSource_Private.m in Sources */ = {isa = PBXBuildFile; fileRef = ACCA5CB7BC2D4D6E070D6D85 /* RComposedDataSource_Private.m */; };
		ACCA5D48C5B9DE9E95793798 /* RSegmentedDataSource.m in Sources */ = {isa = PBXBuildFile; fileRef = ACCA5E06530FA2DA82911CBB /* RSegmentedDataSource.m */; };
		ACCA5D94B5D0A10AD5428715 /* OSPlaceholderView.m in Sources */ = {isa = PBXBuildFile; fileRef = ACCA515E0700C99DFD1FB87D /* OSPlaceholderView.m */; };
		ACCA5DBE8D4ABE34EF5410BF /* OSManagedDataSource.m in Sources */ = {isa = PBXBuildFile; fileRef = ACCA5388F5CD48B4FF3342C8 /* OSManagedDataSource.m */; };
		ACCA5DF27441B82E68E3AF2C /* libOSDataSource.a in Frameworks */ = {isa = PBXBuildFile; fileRef = ACCA5AD9AA1F404DC7BA6F4C /* libOSDataSource.a */; };
		ACCA5EEE88CF9289CDCAEDEA /* RComposedDataSource.m in Sources */ = {isa = PBXBuildFile; fileRef = ACCA50351D2042984E85D958 /* RComposedDataSource.m */; };
/* End PBXBuildFile section */

/* Begin PBXContainerItemProxy section */
		86732A3E1A6547890025E3D5 /* PBXContainerItemProxy */ = {
			isa = PBXContainerItemProxy;
			containerPortal = ACCA52756EBEED074AEFD734 /* Project object */;
			proxyType = 1;
			remoteGlobalIDString = 86732A211A6547890025E3D5;
			remoteInfo = OSDataSourceExample;
		};
		ACCA5C3115F8854CF254B35C /* PBXContainerItemProxy */ = {
			isa = PBXContainerItemProxy;
			containerPortal = ACCA52756EBEED074AEFD734 /* Project object */;
			proxyType = 1;
			remoteGlobalIDString = ACCA5B2B0A7553FD20D2A091;
			remoteInfo = OSDataSource;
		};
/* End PBXContainerItemProxy section */

/* Begin PBXCopyFilesBuildPhase section */
		ACCA5C26FD059E706CE39DBC /* CopyFiles */ = {
			isa = PBXCopyFilesBuildPhase;
			buildActionMask = 2147483647;
			dstPath = "include/$(PRODUCT_NAME)";
			dstSubfolderSpec = 16;
			files = (
			);
			runOnlyForDeploymentPostprocessing = 0;
		};
/* End PBXCopyFilesBuildPhase section */

/* Begin PBXFileReference section */
		86732A221A6547890025E3D5 /* OSDataSourceExample.app */ = {isa = PBXFileReference; explicitFileType = wrapper.application; includeInIndex = 0; path = OSDataSourceExample.app; sourceTree = BUILT_PRODUCTS_DIR; };
		86732A251A6547890025E3D5 /* Info.plist */ = {isa = PBXFileReference; lastKnownFileType = text.plist.xml; path = Info.plist; sourceTree = "<group>"; };
		86732A261A6547890025E3D5 /* main.m */ = {isa = PBXFileReference; lastKnownFileType = sourcecode.c.objc; path = main.m; sourceTree = "<group>"; };
		86732A281A6547890025E3D5 /* AppDelegate.h */ = {isa = PBXFileReference; lastKnownFileType = sourcecode.c.h; path = AppDelegate.h; sourceTree = "<group>"; };
		86732A291A6547890025E3D5 /* AppDelegate.m */ = {isa = PBXFileReference; lastKnownFileType = sourcecode.c.objc; path = AppDelegate.m; sourceTree = "<group>"; };
		86732A2C1A6547890025E3D5 /* OSDataSourceExample.xcdatamodel */ = {isa = PBXFileReference; lastKnownFileType = wrapper.xcdatamodel; path = OSDataSourceExample.xcdatamodel; sourceTree = "<group>"; };
		86732A321A6547890025E3D5 /* Base */ = {isa = PBXFileReference; lastKnownFileType = file.storyboard; name = Base; path = Base.lproj/Main.storyboard; sourceTree = "<group>"; };
		86732A341A6547890025E3D5 /* Images.xcassets */ = {isa = PBXFileReference; lastKnownFileType = folder.assetcatalog; path = Images.xcassets; sourceTree = "<group>"; };
		86732A371A6547890025E3D5 /* Base */ = {isa = PBXFileReference; lastKnownFileType = file.xib; name = Base; path = Base.lproj/LaunchScreen.xib; sourceTree = "<group>"; };
		86732A3D1A6547890025E3D5 /* OSDataSourceExampleTests.xctest */ = {isa = PBXFileReference; explicitFileType = wrapper.cfbundle; includeInIndex = 0; path = OSDataSourceExampleTests.xctest; sourceTree = BUILT_PRODUCTS_DIR; };
		86732A421A6547890025E3D5 /* Info.plist */ = {isa = PBXFileReference; lastKnownFileType = text.plist.xml; path = Info.plist; sourceTree = "<group>"; };
		86732A431A6547890025E3D5 /* OSDataSourceExampleTests.m */ = {isa = PBXFileReference; lastKnownFileType = sourcecode.c.objc; path = OSDataSourceExampleTests.m; sourceTree = "<group>"; };
		86732A4B1A6549020025E3D5 /* OSDataSourceTest.m */ = {isa = PBXFileReference; fileEncoding = 4; lastKnownFileType = sourcecode.c.objc; path = OSDataSourceTest.m; sourceTree = "<group>"; };
		86732A4D1A654B720025E3D5 /* OSStateMachineTest.m */ = {isa = PBXFileReference; fileEncoding = 4; lastKnownFileType = sourcecode.c.objc; path = OSStateMachineTest.m; sourceTree = "<group>"; };
		ACCA50351D2042984E85D958 /* RComposedDataSource.m */ = {isa = PBXFileReference; fileEncoding = 4; lastKnownFileType = sourcecode.c.objc; path = RComposedDataSource.m; sourceTree = "<group>"; };
		ACCA50BA49B9588362D6423F /* SegmentedDSViewController.h */ = {isa = PBXFileReference; fileEncoding = 4; lastKnownFileType = sourcecode.c.h; path = SegmentedDSViewController.h; sourceTree = "<group>"; };
		ACCA513762739FFF822B2E31 /* UIKit.framework */ = {isa = PBXFileReference; lastKnownFileType = wrapper.framework; name = UIKit.framework; path = System/Library/Frameworks/UIKit.framework; sourceTree = SDKROOT; };
		ACCA5150AD9D6F89DBBD8C4E /* RHeadersDataSource.h */ = {isa = PBXFileReference; fileEncoding = 4; lastKnownFileType = sourcecode.c.h; path = RHeadersDataSource.h; sourceTree = "<group>"; };
		ACCA515B95B5824994D47D39 /* OSPlaceholderFlowLayout.m */ = {isa = PBXFileReference; fileEncoding = 4; lastKnownFileType = sourcecode.c.objc; path = OSPlaceholderFlowLayout.m; sourceTree = "<group>"; };
		ACCA515E0700C99DFD1FB87D /* OSPlaceholderView.m */ = {isa = PBXFileReference; fileEncoding = 4; lastKnownFileType = sourcecode.c.objc; path = OSPlaceholderView.m; sourceTree = "<group>"; };
		ACCA51BE35DC7A2C037236D1 /* ComposedViewController.m */ = {isa = PBXFileReference; fileEncoding = 4; lastKnownFileType = sourcecode.c.objc; path = ComposedViewController.m; sourceTree = "<group>"; };
		ACCA51F8E03AA64796ABA520 /* NSObject+KVOBlock.h */ = {isa = PBXFileReference; fileEncoding = 4; lastKnownFileType = sourcecode.c.h; path = "NSObject+KVOBlock.h"; sourceTree = "<group>"; };
		ACCA523E3E791F1D905014E3 /* E1ViewController.h */ = {isa = PBXFileReference; fileEncoding = 4; lastKnownFileType = sourcecode.c.h; path = E1ViewController.h; sourceTree = "<group>"; };
		ACCA52485F772F3B5E09BCB8 /* OSSimpleDataSource.h */ = {isa = PBXFileReference; fileEncoding = 4; lastKnownFileType = sourcecode.c.h; path = OSSimpleDataSource.h; sourceTree = "<group>"; };
		ACCA529E66B72D9938898E09 /* OSDataSource.m */ = {isa = PBXFileReference; fileEncoding = 4; lastKnownFileType = sourcecode.c.objc; path = OSDataSource.m; sourceTree = "<group>"; };
		ACCA534CC1DAB796DF40F56D /* AAPLContentLoading.h */ = {isa = PBXFileReference; fileEncoding = 4; lastKnownFileType = sourcecode.c.h; path = AAPLContentLoading.h; sourceTree = "<group>"; };
		ACCA536BD5C170FA3193C3FA /* ComposedViewController.h */ = {isa = PBXFileReference; fileEncoding = 4; lastKnownFileType = sourcecode.c.h; path = ComposedViewController.h; sourceTree = "<group>"; };
		ACCA5388F5CD48B4FF3342C8 /* OSManagedDataSource.m */ = {isa = PBXFileReference; fileEncoding = 4; lastKnownFileType = sourcecode.c.objc; path = OSManagedDataSource.m; sourceTree = "<group>"; };
		ACCA54A2082179F68109130D /* AAPLLayoutMetrics_Private.h */ = {isa = PBXFileReference; fileEncoding = 4; lastKnownFileType = sourcecode.c.h; path = AAPLLayoutMetrics_Private.h; sourceTree = "<group>"; };
		ACCA54EB1270693CBECBC423 /* OSManagedCollectionView.m */ = {isa = PBXFileReference; fileEncoding = 4; lastKnownFileType = sourcecode.c.objc; path = OSManagedCollectionView.m; sourceTree = "<group>"; };
		ACCA550EE3AA1EACC1B2E523 /* SegmentedDSViewController.m */ = {isa = PBXFileReference; fileEncoding = 4; lastKnownFileType = sourcecode.c.objc; path = SegmentedDSViewController.m; sourceTree = "<group>"; };
		ACCA551746D66FDB6E26D1E0 /* AAPLContentLoading.m */ = {isa = PBXFileReference; fileEncoding = 4; lastKnownFileType = sourcecode.c.objc; path = AAPLContentLoading.m; sourceTree = "<group>"; };
		ACCA55AEA0B9F2D38A26113E /* AAPLLayoutMetrics.m */ = {isa = PBXFileReference; fileEncoding = 4; lastKnownFileType = sourcecode.c.objc; path = AAPLLayoutMetrics.m; sourceTree = "<group>"; };
		ACCA55AF741013C9FD91A1FF /* RComposedDataSource.h */ = {isa = PBXFileReference; fileEncoding = 4; lastKnownFileType = sourcecode.c.h; path = RComposedDataSource.h; sourceTree = "<group>"; };
		ACCA55B80B733F58BB9CC278 /* RSegmentedDataSource.h */ = {isa = PBXFileReference; fileEncoding = 4; lastKnownFileType = sourcecode.c.h; path = RSegmentedDataSource.h; sourceTree = "<group>"; };
		ACCA55BF028D4AB4B51EB18A /* NSObject+KVOBlock.m */ = {isa = PBXFileReference; fileEncoding = 4; lastKnownFileType = sourcecode.c.objc; path = "NSObject+KVOBlock.m"; sourceTree = "<group>"; };
		ACCA55C0BD394E57811F54B1 /* E1ViewController.m */ = {isa = PBXFileReference; fileEncoding = 4; lastKnownFileType = sourcecode.c.objc; path = E1ViewController.m; sourceTree = "<group>"; };
		ACCA56B8E97181F493A002D3 /* OSManagedDataSource.h */ = {isa = PBXFileReference; fileEncoding = 4; lastKnownFileType = sourcecode.c.h; path = OSManagedDataSource.h; sourceTree = "<group>"; };
		ACCA56D5CC75EA58BA73C207 /* OSManagedCollectionView.h */ = {isa = PBXFileReference; fileEncoding = 4; lastKnownFileType = sourcecode.c.h; path = OSManagedCollectionView.h; sourceTree = "<group>"; };
		ACCA57476A58657E57E92476 /* EmptyDataSource.h */ = {isa = PBXFileReference; fileEncoding = 4; lastKnownFileType = sourcecode.c.h; path = EmptyDataSource.h; sourceTree = "<group>"; };
		ACCA58661BFB32DF70CCE5FD /* E1DataSource.h */ = {isa = PBXFileReference; fileEncoding = 4; lastKnownFileType = sourcecode.c.h; path = E1DataSource.h; sourceTree = "<group>"; };
		ACCA58C881A3BBF3B4EC7163 /* Info.plist */ = {isa = PBXFileReference; lastKnownFileType = text.plist.info; path = Info.plist; sourceTree = "<group>"; };
		ACCA58E070955D0DCF186E2D /* EmptyDataSource.m */ = {isa = PBXFileReference; fileEncoding = 4; lastKnownFileType = sourcecode.c.objc; path = EmptyDataSource.m; sourceTree = "<group>"; };
		ACCA59D3F8A9C8D36770FAA0 /* OSDataSource.h */ = {isa = PBXFileReference; fileEncoding = 4; lastKnownFileType = sourcecode.c.h; path = OSDataSource.h; sourceTree = "<group>"; };
		ACCA59E8F087700FAD15D585 /* OSSimpleDataSource.m */ = {isa = PBXFileReference; fileEncoding = 4; lastKnownFileType = sourcecode.c.objc; path = OSSimpleDataSource.m; sourceTree = "<group>"; };
		ACCA5A5A529552BE1E7BEA39 /* OSPlaceholderView.h */ = {isa = PBXFileReference; fileEncoding = 4; lastKnownFileType = sourcecode.c.h; path = OSPlaceholderView.h; sourceTree = "<group>"; };
		ACCA5AD9AA1F404DC7BA6F4C /* libOSDataSource.a */ = {isa = PBXFileReference; explicitFileType = archive.ar; includeInIndex = 0; path = libOSDataSource.a; sourceTree = BUILT_PRODUCTS_DIR; };
		ACCA5B6D4BFCCC4606AEFF83 /* RAlignedFlowLayout.h */ = {isa = PBXFileReference; fileEncoding = 4; lastKnownFileType = sourcecode.c.h; path = RAlignedFlowLayout.h; sourceTree = "<group>"; };
		ACCA5B99382A7467F2287900 /* AAPLLayoutMetrics.h */ = {isa = PBXFileReference; fileEncoding = 4; lastKnownFileType = sourcecode.c.h; path = AAPLLayoutMetrics.h; sourceTree = "<group>"; };
		ACCA5CB7BC2D4D6E070D6D85 /* RComposedDataSource_Private.m */ = {isa = PBXFileReference; fileEncoding = 4; lastKnownFileType = sourcecode.c.objc; path = RComposedDataSource_Private.m; sourceTree = "<group>"; };
		ACCA5D282DCE383E6DD0E836 /* RHeadersDataSource.m */ = {isa = PBXFileReference; fileEncoding = 4; lastKnownFileType = sourcecode.c.objc; path = RHeadersDataSource.m; sourceTree = "<group>"; };
		ACCA5D448CB5B04A118F30AF /* OSStateMachine.h */ = {isa = PBXFileReference; fileEncoding = 4; lastKnownFileType = sourcecode.c.h; path = OSStateMachine.h; sourceTree = "<group>"; };
		ACCA5D6C97A1ED9E9495D0C3 /* RAlignedFlowLayout.m */ = {isa = PBXFileReference; fileEncoding = 4; lastKnownFileType = sourcecode.c.objc; path = RAlignedFlowLayout.m; sourceTree = "<group>"; };
		ACCA5D713A5BF81EE7618C39 /* OSDataSourceTests.xctest */ = {isa = PBXFileReference; explicitFileType = wrapper.cfbundle; includeInIndex = 0; path = OSDataSourceTests.xctest; sourceTree = BUILT_PRODUCTS_DIR; };
		ACCA5E06530FA2DA82911CBB /* RSegmentedDataSource.m */ = {isa = PBXFileReference; fileEncoding = 4; lastKnownFileType = sourcecode.c.objc; path = RSegmentedDataSource.m; sourceTree = "<group>"; };
		ACCA5EAC7A830E7FBFC9C3D8 /* RComposedDataSource_Private.h */ = {isa = PBXFileReference; fileEncoding = 4; lastKnownFileType = sourcecode.c.h; path = RComposedDataSource_Private.h; sourceTree = "<group>"; };
		ACCA5EAF2784B9BD0B1515A2 /* OSStateMachine.m */ = {isa = PBXFileReference; fileEncoding = 4; lastKnownFileType = sourcecode.c.objc; path = OSStateMachine.m; sourceTree = "<group>"; };
		ACCA5EEA59D99CC5FC7F381A /* E1DataSource.m */ = {isa = PBXFileReference; fileEncoding = 4; lastKnownFileType = sourcecode.c.objc; path = E1DataSource.m; sourceTree = "<group>"; };
		ACCA5F7A276EA40230C448DF /* RDataSource_Private.h */ = {isa = PBXFileReference; fileEncoding = 4; lastKnownFileType = sourcecode.c.h; path = RDataSource_Private.h; sourceTree = "<group>"; };
		ACCA5F9E7189363A1CC0D134 /* OSPlaceholderFlowLayout.h */ = {isa = PBXFileReference; fileEncoding = 4; lastKnownFileType = sourcecode.c.h; path = OSPlaceholderFlowLayout.h; sourceTree = "<group>"; };
/* End PBXFileReference section */

/* Begin PBXFrameworksBuildPhase section */
		86732A1F1A6547890025E3D5 /* Frameworks */ = {
			isa = PBXFrameworksBuildPhase;
			buildActionMask = 2147483647;
			files = (
				86FB8EEE1A77AD87002B2DCE /* libOSDataSource.a in Frameworks */,
			);
			runOnlyForDeploymentPostprocessing = 0;
		};
		86732A3A1A6547890025E3D5 /* Frameworks */ = {
			isa = PBXFrameworksBuildPhase;
			buildActionMask = 2147483647;
			files = (
			);
			runOnlyForDeploymentPostprocessing = 0;
		};
		ACCA5084AC42EDE87330CB63 /* Frameworks */ = {
			isa = PBXFrameworksBuildPhase;
			buildActionMask = 2147483647;
			files = (
				ACCA58815F8C393F503493FA /* UIKit.framework in Frameworks */,
			);
			runOnlyForDeploymentPostprocessing = 0;
		};
		ACCA55B7677F6C01FCB13345 /* Frameworks */ = {
			isa = PBXFrameworksBuildPhase;
			buildActionMask = 2147483647;
			files = (
				ACCA5DF27441B82E68E3AF2C /* libOSDataSource.a in Frameworks */,
			);
			runOnlyForDeploymentPostprocessing = 0;
		};
/* End PBXFrameworksBuildPhase section */

/* Begin PBXGroup section */
		86732A231A6547890025E3D5 /* OSDataSourceExample */ = {
			isa = PBXGroup;
			children = (
				86732A281A6547890025E3D5 /* AppDelegate.h */,
				86732A291A6547890025E3D5 /* AppDelegate.m */,
				86732A311A6547890025E3D5 /* Main.storyboard */,
				86732A341A6547890025E3D5 /* Images.xcassets */,
				86732A361A6547890025E3D5 /* LaunchScreen.xib */,
				86732A2B1A6547890025E3D5 /* OSDataSourceExample.xcdatamodeld */,
				86732A241A6547890025E3D5 /* Supporting Files */,
				ACCA5838BDBDD6876142B0E8 /* SimpleDataSource */,
				ACCA5CBB1AE864B63C493CBB /* SegmentedDataSource */,
				ACCA596D308496540E2C241B /* ComposedDataSource */,
			);
			path = OSDataSourceExample;
			sourceTree = "<group>";
		};
		86732A241A6547890025E3D5 /* Supporting Files */ = {
			isa = PBXGroup;
			children = (
				86732A251A6547890025E3D5 /* Info.plist */,
				86732A261A6547890025E3D5 /* main.m */,
			);
			name = "Supporting Files";
			sourceTree = "<group>";
		};
		86732A401A6547890025E3D5 /* OSDataSourceExampleTests */ = {
			isa = PBXGroup;
			children = (
				86732A431A6547890025E3D5 /* OSDataSourceExampleTests.m */,
				86732A411A6547890025E3D5 /* Supporting Files */,
			);
			path = OSDataSourceExampleTests;
			sourceTree = "<group>";
		};
		86732A411A6547890025E3D5 /* Supporting Files */ = {
			isa = PBXGroup;
			children = (
				86732A421A6547890025E3D5 /* Info.plist */,
			);
			name = "Supporting Files";
			sourceTree = "<group>";
		};
		ACCA527A0B0567744A803CD6 = {
			isa = PBXGroup;
			children = (
				86732A231A6547890025E3D5 /* OSDataSourceExample */,
				86732A401A6547890025E3D5 /* OSDataSourceExampleTests */,
				ACCA5A8E8AFC538CAFD149EB /* Products */,
				ACCA5A0230AE4E71098811BB /* OSDataSource */,
				ACCA52D9E0FAC190CB041390 /* OSDataSourceTests */,
				ACCA5D066EA84B6174E3FFA3 /* Frameworks */,
			);
			sourceTree = "<group>";
		};
		ACCA52D9E0FAC190CB041390 /* OSDataSourceTests */ = {
			isa = PBXGroup;
			children = (
				ACCA539CB6AB1035076231B3 /* Supporting Files */,
				86732A4B1A6549020025E3D5 /* OSDataSourceTest.m */,
				86732A4D1A654B720025E3D5 /* OSStateMachineTest.m */,
			);
			path = OSDataSourceTests;
			sourceTree = "<group>";
		};
		ACCA539CB6AB1035076231B3 /* Supporting Files */ = {
			isa = PBXGroup;
			children = (
				ACCA58C881A3BBF3B4EC7163 /* Info.plist */,
			);
			name = "Supporting Files";
			sourceTree = "<group>";
		};
		ACCA54FBC2C23E7CC2F29C80 /* Categories */ = {
			isa = PBXGroup;
			children = (
				ACCA51F8E03AA64796ABA520 /* NSObject+KVOBlock.h */,
				ACCA55BF028D4AB4B51EB18A /* NSObject+KVOBlock.m */,
			);
			path = Categories;
			sourceTree = "<group>";
		};
		ACCA55A36335FDAE77FC1362 /* Views */ = {
			isa = PBXGroup;
			children = (
				ACCA5A5A529552BE1E7BEA39 /* OSPlaceholderView.h */,
				ACCA515E0700C99DFD1FB87D /* OSPlaceholderView.m */,
				ACCA54EB1270693CBECBC423 /* OSManagedCollectionView.m */,
				ACCA56D5CC75EA58BA73C207 /* OSManagedCollectionView.h */,
			);
			path = Views;
			sourceTree = "<group>";
		};
		ACCA5627A2439F4A3BA36153 /* DataSources */ = {
			isa = PBXGroup;
			children = (
				ACCA59D3F8A9C8D36770FAA0 /* OSDataSource.h */,
				ACCA529E66B72D9938898E09 /* OSDataSource.m */,
				ACCA5150AD9D6F89DBBD8C4E /* RHeadersDataSource.h */,
				ACCA5D282DCE383E6DD0E836 /* RHeadersDataSource.m */,
				ACCA55AF741013C9FD91A1FF /* RComposedDataSource.h */,
				ACCA50351D2042984E85D958 /* RComposedDataSource.m */,
				ACCA5F7A276EA40230C448DF /* RDataSource_Private.h */,
				ACCA55B80B733F58BB9CC278 /* RSegmentedDataSource.h */,
				ACCA5E06530FA2DA82911CBB /* RSegmentedDataSource.m */,
				ACCA5EAC7A830E7FBFC9C3D8 /* RComposedDataSource_Private.h */,
				ACCA5CB7BC2D4D6E070D6D85 /* RComposedDataSource_Private.m */,
				ACCA59E8F087700FAD15D585 /* OSSimpleDataSource.m */,
				ACCA52485F772F3B5E09BCB8 /* OSSimpleDataSource.h */,
			);
			path = DataSources;
			sourceTree = "<group>";
		};
		ACCA5838BDBDD6876142B0E8 /* SimpleDataSource */ = {
			isa = PBXGroup;
			children = (
				ACCA5EEA59D99CC5FC7F381A /* E1DataSource.m */,
				ACCA58661BFB32DF70CCE5FD /* E1DataSource.h */,
				ACCA55C0BD394E57811F54B1 /* E1ViewController.m */,
				ACCA523E3E791F1D905014E3 /* E1ViewController.h */,
			);
			path = SimpleDataSource;
			sourceTree = "<group>";
		};
		ACCA596D308496540E2C241B /* ComposedDataSource */ = {
			isa = PBXGroup;
			children = (
				ACCA51BE35DC7A2C037236D1 /* ComposedViewController.m */,
				ACCA536BD5C170FA3193C3FA /* ComposedViewController.h */,
			);
			path = ComposedDataSource;
			sourceTree = "<group>";
		};
		ACCA5A0230AE4E71098811BB /* OSDataSource */ = {
			isa = PBXGroup;
			children = (
				ACCA551746D66FDB6E26D1E0 /* AAPLContentLoading.m */,
				ACCA5D448CB5B04A118F30AF /* OSStateMachine.h */,
				ACCA54FBC2C23E7CC2F29C80 /* Categories */,
				ACCA5627A2439F4A3BA36153 /* DataSources */,
				ACCA5EAF2784B9BD0B1515A2 /* OSStateMachine.m */,
				ACCA55A36335FDAE77FC1362 /* Views */,
				ACCA534CC1DAB796DF40F56D /* AAPLContentLoading.h */,
				ACCA5F95C8BC7996344F1CF0 /* Layouts */,
				ACCA5B577716080417E9E5E6 /* CoreData */,
			);
			path = OSDataSource;
			sourceTree = "<group>";
		};
		ACCA5A8E8AFC538CAFD149EB /* Products */ = {
			isa = PBXGroup;
			children = (
				ACCA5AD9AA1F404DC7BA6F4C /* libOSDataSource.a */,
				ACCA5D713A5BF81EE7618C39 /* OSDataSourceTests.xctest */,
				86732A221A6547890025E3D5 /* OSDataSourceExample.app */,
				86732A3D1A6547890025E3D5 /* OSDataSourceExampleTests.xctest */,
			);
			name = Products;
			sourceTree = "<group>";
		};
		ACCA5B577716080417E9E5E6 /* CoreData */ = {
			isa = PBXGroup;
			children = (
				ACCA5388F5CD48B4FF3342C8 /* OSManagedDataSource.m */,
				ACCA56B8E97181F493A002D3 /* OSManagedDataSource.h */,
			);
			path = CoreData;
			sourceTree = "<group>";
		};
		ACCA5CBB1AE864B63C493CBB /* SegmentedDataSource */ = {
			isa = PBXGroup;
			children = (
				ACCA550EE3AA1EACC1B2E523 /* SegmentedDSViewController.m */,
				ACCA50BA49B9588362D6423F /* SegmentedDSViewController.h */,
				ACCA58E070955D0DCF186E2D /* EmptyDataSource.m */,
				ACCA57476A58657E57E92476 /* EmptyDataSource.h */,
			);
			path = SegmentedDataSource;
			sourceTree = "<group>";
		};
		ACCA5D066EA84B6174E3FFA3 /* Frameworks */ = {
			isa = PBXGroup;
			children = (
				ACCA513762739FFF822B2E31 /* UIKit.framework */,
			);
			name = Frameworks;
			sourceTree = "<group>";
		};
		ACCA5F95C8BC7996344F1CF0 /* Layouts */ = {
			isa = PBXGroup;
			children = (
				ACCA5B99382A7467F2287900 /* AAPLLayoutMetrics.h */,
				ACCA55AEA0B9F2D38A26113E /* AAPLLayoutMetrics.m */,
				ACCA54A2082179F68109130D /* AAPLLayoutMetrics_Private.h */,
				ACCA515B95B5824994D47D39 /* OSPlaceholderFlowLayout.m */,
				ACCA5B6D4BFCCC4606AEFF83 /* RAlignedFlowLayout.h */,
				ACCA5D6C97A1ED9E9495D0C3 /* RAlignedFlowLayout.m */,
				ACCA5F9E7189363A1CC0D134 /* OSPlaceholderFlowLayout.h */,
			);
			path = Layouts;
			sourceTree = "<group>";
		};
/* End PBXGroup section */

/* Begin PBXNativeTarget section */
		86732A211A6547890025E3D5 /* OSDataSourceExample */ = {
			isa = PBXNativeTarget;
			buildConfigurationList = 86732A491A6547890025E3D5 /* Build configuration list for PBXNativeTarget "OSDataSourceExample" */;
			buildPhases = (
				86732A1E1A6547890025E3D5 /* Sources */,
				86732A1F1A6547890025E3D5 /* Frameworks */,
				86732A201A6547890025E3D5 /* Resources */,
			);
			buildRules = (
			);
			dependencies = (
			);
			name = OSDataSourceExample;
			productName = OSDataSourceExample;
			productReference = 86732A221A6547890025E3D5 /* OSDataSourceExample.app */;
			productType = "com.apple.product-type.application";
		};
		86732A3C1A6547890025E3D5 /* OSDataSourceExampleTests */ = {
			isa = PBXNativeTarget;
			buildConfigurationList = 86732A4A1A6547890025E3D5 /* Build configuration list for PBXNativeTarget "OSDataSourceExampleTests" */;
			buildPhases = (
				86732A391A6547890025E3D5 /* Sources */,
				86732A3A1A6547890025E3D5 /* Frameworks */,
				86732A3B1A6547890025E3D5 /* Resources */,
			);
			buildRules = (
			);
			dependencies = (
				86732A3F1A6547890025E3D5 /* PBXTargetDependency */,
			);
			name = OSDataSourceExampleTests;
			productName = OSDataSourceExampleTests;
			productReference = 86732A3D1A6547890025E3D5 /* OSDataSourceExampleTests.xctest */;
			productType = "com.apple.product-type.bundle.unit-test";
		};
		ACCA578AAAF1B971DE28051B /* OSDataSourceTests */ = {
			isa = PBXNativeTarget;
			buildConfigurationList = ACCA54652C49422949BB7D4D /* Build configuration list for PBXNativeTarget "OSDataSourceTests" */;
			buildPhases = (
				ACCA50849AA4ED4AB9A04A51 /* Sources */,
				ACCA55B7677F6C01FCB13345 /* Frameworks */,
				ACCA5EB9102DFBB499335FF4 /* Resources */,
			);
			buildRules = (
			);
			dependencies = (
				ACCA553ACFA0173C12CD30E2 /* PBXTargetDependency */,
			);
			name = OSDataSourceTests;
			productName = OSDataSourceTests;
			productReference = ACCA5D713A5BF81EE7618C39 /* OSDataSourceTests.xctest */;
			productType = "com.apple.product-type.bundle.unit-test";
		};
		ACCA5B2B0A7553FD20D2A091 /* OSDataSource */ = {
			isa = PBXNativeTarget;
			buildConfigurationList = ACCA5350F9D893F3ECF6C3C1 /* Build configuration list for PBXNativeTarget "OSDataSource" */;
			buildPhases = (
				ACCA5C7B5F919C97EDE3116B /* Sources */,
				ACCA5084AC42EDE87330CB63 /* Frameworks */,
				ACCA5C26FD059E706CE39DBC /* CopyFiles */,
			);
			buildRules = (
			);
			dependencies = (
			);
			name = OSDataSource;
			productName = OSDataSource;
			productReference = ACCA5AD9AA1F404DC7BA6F4C /* libOSDataSource.a */;
			productType = "com.apple.product-type.library.static";
		};
/* End PBXNativeTarget section */

/* Begin PBXProject section */
		ACCA52756EBEED074AEFD734 /* Project object */ = {
			isa = PBXProject;
			attributes = {
				ORGANIZATIONNAME = baydet;
				TargetAttributes = {
					86732A211A6547890025E3D5 = {
						CreatedOnToolsVersion = 6.1.1;
					};
					86732A3C1A6547890025E3D5 = {
						CreatedOnToolsVersion = 6.1.1;
						TestTargetID = 86732A211A6547890025E3D5;
					};
				};
			};
			buildConfigurationList = ACCA5A9A418AACC3FF274A32 /* Build configuration list for PBXProject "OSDataSource" */;
			compatibilityVersion = "Xcode 3.2";
			developmentRegion = English;
			hasScannedForEncodings = 0;
			knownRegions = (
				en,
				Base,
			);
			mainGroup = ACCA527A0B0567744A803CD6;
			productRefGroup = ACCA5A8E8AFC538CAFD149EB /* Products */;
			projectDirPath = "";
			projectRoot = "";
			targets = (
				ACCA5B2B0A7553FD20D2A091 /* OSDataSource */,
				ACCA578AAAF1B971DE28051B /* OSDataSourceTests */,
				86732A211A6547890025E3D5 /* OSDataSourceExample */,
				86732A3C1A6547890025E3D5 /* OSDataSourceExampleTests */,
			);
		};
/* End PBXProject section */

/* Begin PBXResourcesBuildPhase section */
		86732A201A6547890025E3D5 /* Resources */ = {
			isa = PBXResourcesBuildPhase;
			buildActionMask = 2147483647;
			files = (
				86732A331A6547890025E3D5 /* Main.storyboard in Resources */,
				86732A381A6547890025E3D5 /* LaunchScreen.xib in Resources */,
				86732A351A6547890025E3D5 /* Images.xcassets in Resources */,
			);
			runOnlyForDeploymentPostprocessing = 0;
		};
		86732A3B1A6547890025E3D5 /* Resources */ = {
			isa = PBXResourcesBuildPhase;
			buildActionMask = 2147483647;
			files = (
			);
			runOnlyForDeploymentPostprocessing = 0;
		};
		ACCA5EB9102DFBB499335FF4 /* Resources */ = {
			isa = PBXResourcesBuildPhase;
			buildActionMask = 2147483647;
			files = (
			);
			runOnlyForDeploymentPostprocessing = 0;
		};
/* End PBXResourcesBuildPhase section */

/* Begin PBXSourcesBuildPhase section */
		86732A1E1A6547890025E3D5 /* Sources */ = {
			isa = PBXSourcesBuildPhase;
			buildActionMask = 2147483647;
			files = (
				86732A521A6650C10025E3D5 /* SegmentedDSViewController.m in Sources */,
				86732A511A6650920025E3D5 /* RSegmentedDataSource.m in Sources */,
				86732A4F1A655C5D0025E3D5 /* E1DataSource.m in Sources */,
				86732A2D1A6547890025E3D5 /* OSDataSourceExample.xcdatamodeld in Sources */,
				86732A2A1A6547890025E3D5 /* AppDelegate.m in Sources */,
				86732A271A6547890025E3D5 /* main.m in Sources */,
				ACCA579DA7B6021AEE15E085 /* E1ViewController.m in Sources */,
				ACCA5C21B6950B7BB5A36744 /* EmptyDataSource.m in Sources */,
				ACCA591EAC63FB14125FD191 /* ComposedViewController.m in Sources */,
			);
			runOnlyForDeploymentPostprocessing = 0;
		};
		86732A391A6547890025E3D5 /* Sources */ = {
			isa = PBXSourcesBuildPhase;
			buildActionMask = 2147483647;
			files = (
				86732A441A6547890025E3D5 /* OSDataSourceExampleTests.m in Sources */,
			);
			runOnlyForDeploymentPostprocessing = 0;
		};
		ACCA50849AA4ED4AB9A04A51 /* Sources */ = {
			isa = PBXSourcesBuildPhase;
			buildActionMask = 2147483647;
			files = (
				86732A4C1A6549020025E3D5 /* OSDataSourceTest.m in Sources */,
				86732A4E1A654B720025E3D5 /* OSStateMachineTest.m in Sources */,
			);
			runOnlyForDeploymentPostprocessing = 0;
		};
		ACCA5C7B5F919C97EDE3116B /* Sources */ = {
			isa = PBXSourcesBuildPhase;
			buildActionMask = 2147483647;
			files = (
				ACCA552A78B92DC453D2E972 /* AAPLContentLoading.m in Sources */,
				ACCA5455BA89DA2A940B5FDC /* NSObject+KVOBlock.m in Sources */,
				ACCA54B469905219349757BA /* OSDataSource.m in Sources */,
				ACCA531EC419B34CA8B356A8 /* RHeadersDataSource.m in Sources */,
				ACCA5EEE88CF9289CDCAEDEA /* RComposedDataSource.m in Sources */,
				ACCA5D48C5B9DE9E95793798 /* RSegmentedDataSource.m in Sources */,
				ACCA5D163ED9D86A64075732 /* RComposedDataSource_Private.m in Sources */,
				ACCA5D0C4DF4C7AAD67E016E /* OSStateMachine.m in Sources */,
				ACCA5D94B5D0A10AD5428715 /* OSPlaceholderView.m in Sources */,
				ACCA50C2FCA1FD5DA3A3E40D /* AAPLLayoutMetrics.m in Sources */,
				ACCA526D9FB660BD4DF6CE07 /* OSPlaceholderFlowLayout.m in Sources */,
				ACCA5B0CABA789828F78D6B1 /* RAlignedFlowLayout.m in Sources */,
				ACCA5DBE8D4ABE34EF5410BF /* OSManagedDataSource.m in Sources */,
				ACCA549E398FDFC4ADE0279E /* OSSimpleDataSource.m in Sources */,
				ACCA545925DCEF45A5AFF073 /* OSManagedCollectionView.m in Sources */,
			);
			runOnlyForDeploymentPostprocessing = 0;
		};
/* End PBXSourcesBuildPhase section */

/* Begin PBXTargetDependency section */
		86732A3F1A6547890025E3D5 /* PBXTargetDependency */ = {
			isa = PBXTargetDependency;
			target = 86732A211A6547890025E3D5 /* OSDataSourceExample */;
			targetProxy = 86732A3E1A6547890025E3D5 /* PBXContainerItemProxy */;
		};
		ACCA553ACFA0173C12CD30E2 /* PBXTargetDependency */ = {
			isa = PBXTargetDependency;
			target = ACCA5B2B0A7553FD20D2A091 /* OSDataSource */;
			targetProxy = ACCA5C3115F8854CF254B35C /* PBXContainerItemProxy */;
		};
/* End PBXTargetDependency section */

/* Begin PBXVariantGroup section */
		86732A311A6547890025E3D5 /* Main.storyboard */ = {
			isa = PBXVariantGroup;
			children = (
				86732A321A6547890025E3D5 /* Base */,
			);
			name = Main.storyboard;
			sourceTree = "<group>";
		};
		86732A361A6547890025E3D5 /* LaunchScreen.xib */ = {
			isa = PBXVariantGroup;
			children = (
				86732A371A6547890025E3D5 /* Base */,
			);
			name = LaunchScreen.xib;
			sourceTree = "<group>";
		};
/* End PBXVariantGroup section */

/* Begin XCBuildConfiguration section */
		86732A451A6547890025E3D5 /* Debug */ = {
			isa = XCBuildConfiguration;
			buildSettings = {
				ASSETCATALOG_COMPILER_APPICON_NAME = AppIcon;
				"CODE_SIGN_IDENTITY[sdk=iphoneos*]" = "iPhone Developer";
				GCC_PREPROCESSOR_DEFINITIONS = (
					"DEBUG=1",
					"$(inherited)",
				);
				INFOPLIST_FILE = OSDataSourceExample/Info.plist;
				LD_RUNPATH_SEARCH_PATHS = "$(inherited) @executable_path/Frameworks";
				OTHER_LDFLAGS = "";
				PRODUCT_NAME = "$(TARGET_NAME)";
			};
			name = Debug;
		};
		86732A461A6547890025E3D5 /* Release */ = {
			isa = XCBuildConfiguration;
			buildSettings = {
				ASSETCATALOG_COMPILER_APPICON_NAME = AppIcon;
				"CODE_SIGN_IDENTITY[sdk=iphoneos*]" = "iPhone Developer";
				INFOPLIST_FILE = OSDataSourceExample/Info.plist;
				LD_RUNPATH_SEARCH_PATHS = "$(inherited) @executable_path/Frameworks";
				OTHER_LDFLAGS = "";
				PRODUCT_NAME = "$(TARGET_NAME)";
			};
			name = Release;
		};
		86732A471A6547890025E3D5 /* Debug */ = {
			isa = XCBuildConfiguration;
			buildSettings = {
				BUNDLE_LOADER = "$(TEST_HOST)";
				FRAMEWORK_SEARCH_PATHS = (
					"$(SDKROOT)/Developer/Library/Frameworks",
					"$(inherited)",
				);
				GCC_PREPROCESSOR_DEFINITIONS = (
					"DEBUG=1",
					"$(inherited)",
				);
				INFOPLIST_FILE = OSDataSourceExampleTests/Info.plist;
				LD_RUNPATH_SEARCH_PATHS = "$(inherited) @executable_path/Frameworks @loader_path/Frameworks";
				PRODUCT_NAME = "$(TARGET_NAME)";
				TEST_HOST = "$(BUILT_PRODUCTS_DIR)/OSDataSourceExample.app/OSDataSourceExample";
			};
			name = Debug;
		};
		86732A481A6547890025E3D5 /* Release */ = {
			isa = XCBuildConfiguration;
			buildSettings = {
				BUNDLE_LOADER = "$(TEST_HOST)";
				FRAMEWORK_SEARCH_PATHS = (
					"$(SDKROOT)/Developer/Library/Frameworks",
					"$(inherited)",
				);
				INFOPLIST_FILE = OSDataSourceExampleTests/Info.plist;
				LD_RUNPATH_SEARCH_PATHS = "$(inherited) @executable_path/Frameworks @loader_path/Frameworks";
				PRODUCT_NAME = "$(TARGET_NAME)";
				TEST_HOST = "$(BUILT_PRODUCTS_DIR)/OSDataSourceExample.app/OSDataSourceExample";
			};
			name = Release;
		};
		ACCA51E75483480456380C4A /* Debug */ = {
			isa = XCBuildConfiguration;
			buildSettings = {
				ALWAYS_SEARCH_USER_PATHS = NO;
				CLANG_CXX_LANGUAGE_STANDARD = "gnu++0x";
				CLANG_CXX_LIBRARY = "libc++";
				CLANG_ENABLE_MODULES = YES;
				CLANG_ENABLE_OBJC_ARC = YES;
				CLANG_WARN_BOOL_CONVERSION = YES;
				CLANG_WARN_CONSTANT_CONVERSION = YES;
				CLANG_WARN_DIRECT_OBJC_ISA_USAGE = YES_ERROR;
				CLANG_WARN_EMPTY_BODY = YES;
				CLANG_WARN_ENUM_CONVERSION = YES;
				CLANG_WARN_INT_CONVERSION = YES;
				CLANG_WARN_OBJC_ROOT_CLASS = YES_ERROR;
				CLANG_WARN_UNREACHABLE_CODE = YES;
				CLANG_WARN__DUPLICATE_METHOD_MATCH = YES;
				COPY_PHASE_STRIP = NO;
				ENABLE_STRICT_OBJC_MSGSEND = YES;
				GCC_C_LANGUAGE_STANDARD = gnu99;
				GCC_DYNAMIC_NO_PIC = NO;
				GCC_OPTIMIZATION_LEVEL = 0;
				GCC_PREPROCESSOR_DEFINITIONS = (
					"DEBUG=1",
					"$(inherited)",
				);
				GCC_SYMBOLS_PRIVATE_EXTERN = NO;
				GCC_WARN_64_TO_32_BIT_CONVERSION = YES;
				GCC_WARN_ABOUT_RETURN_TYPE = YES_ERROR;
				GCC_WARN_UNDECLARED_SELECTOR = YES;
				GCC_WARN_UNINITIALIZED_AUTOS = YES_AGGRESSIVE;
				GCC_WARN_UNUSED_FUNCTION = YES;
				GCC_WARN_UNUSED_VARIABLE = YES;
				IPHONEOS_DEPLOYMENT_TARGET = 8.1;
				MTL_ENABLE_DEBUG_INFO = YES;
				ONLY_ACTIVE_ARCH = YES;
				SDKROOT = iphoneos;
			};
			name = Debug;
		};
		ACCA52064AD0335ABEC4B08E /* Release */ = {
			isa = XCBuildConfiguration;
			buildSettings = {
				FRAMEWORK_SEARCH_PATHS = (
					"$(SDKROOT)/Developer/Library/Frameworks",
					"$(inherited)",
				);
				INFOPLIST_FILE = OSDataSourceTests/Info.plist;
				LD_RUNPATH_SEARCH_PATHS = "$(inherited) @executable_path/Frameworks @loader_path/Frameworks";
				PRODUCT_NAME = "$(TARGET_NAME)";
			};
			name = Release;
		};
		ACCA52AA19D1F3E8E5985B7B /* Release */ = {
			isa = XCBuildConfiguration;
			buildSettings = {
				ALWAYS_SEARCH_USER_PATHS = NO;
				CLANG_CXX_LANGUAGE_STANDARD = "gnu++0x";
				CLANG_CXX_LIBRARY = "libc++";
				CLANG_ENABLE_MODULES = YES;
				CLANG_ENABLE_OBJC_ARC = YES;
				CLANG_WARN_BOOL_CONVERSION = YES;
				CLANG_WARN_CONSTANT_CONVERSION = YES;
				CLANG_WARN_DIRECT_OBJC_ISA_USAGE = YES_ERROR;
				CLANG_WARN_EMPTY_BODY = YES;
				CLANG_WARN_ENUM_CONVERSION = YES;
				CLANG_WARN_INT_CONVERSION = YES;
				CLANG_WARN_OBJC_ROOT_CLASS = YES_ERROR;
				CLANG_WARN_UNREACHABLE_CODE = YES;
				CLANG_WARN__DUPLICATE_METHOD_MATCH = YES;
				COPY_PHASE_STRIP = YES;
				ENABLE_NS_ASSERTIONS = NO;
				ENABLE_STRICT_OBJC_MSGSEND = YES;
				GCC_C_LANGUAGE_STANDARD = gnu99;
				GCC_WARN_64_TO_32_BIT_CONVERSION = YES;
				GCC_WARN_ABOUT_RETURN_TYPE = YES_ERROR;
				GCC_WARN_UNDECLARED_SELECTOR = YES;
				GCC_WARN_UNINITIALIZED_AUTOS = YES_AGGRESSIVE;
				GCC_WARN_UNUSED_FUNCTION = YES;
				GCC_WARN_UNUSED_VARIABLE = YES;
				IPHONEOS_DEPLOYMENT_TARGET = 8.1;
				MTL_ENABLE_DEBUG_INFO = NO;
				SDKROOT = iphoneos;
				VALIDATE_PRODUCT = YES;
			};
			name = Release;
		};
		ACCA558BF90E1B7E334DE23C /* Release */ = {
			isa = XCBuildConfiguration;
			buildSettings = {
				IPHONEOS_DEPLOYMENT_TARGET = 7.0;
				OTHER_LDFLAGS = "-ObjC";
				PRODUCT_NAME = "$(TARGET_NAME)";
				SKIP_INSTALL = YES;
				TARGETED_DEVICE_FAMILY = "1,2";
			};
			name = Release;
		};
		ACCA5667B49BB2A217E0E884 /* Debug */ = {
			isa = XCBuildConfiguration;
			buildSettings = {
				FRAMEWORK_SEARCH_PATHS = (
					"$(SDKROOT)/Developer/Library/Frameworks",
					"$(inherited)",
				);
				INFOPLIST_FILE = OSDataSourceTests/Info.plist;
				LD_RUNPATH_SEARCH_PATHS = "$(inherited) @executable_path/Frameworks @loader_path/Frameworks";
				PRODUCT_NAME = "$(TARGET_NAME)";
			};
			name = Debug;
		};
		ACCA5C85B68A9FA6209AAB40 /* Debug */ = {
			isa = XCBuildConfiguration;
			buildSettings = {
				IPHONEOS_DEPLOYMENT_TARGET = 7.0;
				OTHER_LDFLAGS = "-ObjC";
				PRODUCT_NAME = "$(TARGET_NAME)";
				SKIP_INSTALL = YES;
				TARGETED_DEVICE_FAMILY = "1,2";
			};
			name = Debug;
		};
/* End XCBuildConfiguration section */

/* Begin XCConfigurationList section */
		86732A491A6547890025E3D5 /* Build configuration list for PBXNativeTarget "OSDataSourceExample" */ = {
			isa = XCConfigurationList;
			buildConfigurations = (
				86732A451A6547890025E3D5 /* Debug */,
				86732A461A6547890025E3D5 /* Release */,
			);
			defaultConfigurationIsVisible = 0;
			defaultConfigurationName = Release;
		};
		86732A4A1A6547890025E3D5 /* Build configuration list for PBXNativeTarget "OSDataSourceExampleTests" */ = {
			isa = XCConfigurationList;
			buildConfigurations = (
				86732A471A6547890025E3D5 /* Debug */,
				86732A481A6547890025E3D5 /* Release */,
			);
			defaultConfigurationIsVisible = 0;
			defaultConfigurationName = Release;
		};
		ACCA5350F9D893F3ECF6C3C1 /* Build configuration list for PBXNativeTarget "OSDataSource" */ = {
			isa = XCConfigurationList;
			buildConfigurations = (
				ACCA5C85B68A9FA6209AAB40 /* Debug */,
				ACCA558BF90E1B7E334DE23C /* Release */,
			);
			defaultConfigurationIsVisible = 0;
			defaultConfigurationName = Release;
		};
		ACCA54652C49422949BB7D4D /* Build configuration list for PBXNativeTarget "OSDataSourceTests" */ = {
			isa = XCConfigurationList;
			buildConfigurations = (
				ACCA5667B49BB2A217E0E884 /* Debug */,
				ACCA52064AD0335ABEC4B08E /* Release */,
			);
			defaultConfigurationIsVisible = 0;
			defaultConfigurationName = Release;
		};
		ACCA5A9A418AACC3FF274A32 /* Build configuration list for PBXProject "OSDataSource" */ = {
			isa = XCConfigurationList;
			buildConfigurations = (
				ACCA51E75483480456380C4A /* Debug */,
				ACCA52AA19D1F3E8E5985B7B /* Release */,
			);
			defaultConfigurationIsVisible = 0;
			defaultConfigurationName = Release;
		};
/* End XCConfigurationList section */

/* Begin XCVersionGroup section */
		86732A2B1A6547890025E3D5 /* OSDataSourceExample.xcdatamodeld */ = {
			isa = XCVersionGroup;
			children = (
				86732A2C1A6547890025E3D5 /* OSDataSourceExample.xcdatamodel */,
			);
			currentVersion = 86732A2C1A6547890025E3D5 /* OSDataSourceExample.xcdatamodel */;
			path = OSDataSourceExample.xcdatamodeld;
			sourceTree = "<group>";
			versionGroupType = wrapper.xcdatamodel;
		};
/* End XCVersionGroup section */
	};
	rootObject = ACCA52756EBEED074AEFD734 /* Project object */;
}
